// !$*UTF8*$!
{
	archiveVersion = 1;
	classes = {
	};
	objectVersion = 56;
	objects = {

/* Begin PBXBuildFile section */
		C071E2032B00A35E007BE6BF /* AppDelegate.swift in Sources */ = {isa = PBXBuildFile; fileRef = C071E2022B00A35E007BE6BF /* AppDelegate.swift */; };
		C071E2052B00A35E007BE6BF /* SceneDelegate.swift in Sources */ = {isa = PBXBuildFile; fileRef = C071E2042B00A35E007BE6BF /* SceneDelegate.swift */; };
		C071E20C2B00A35F007BE6BF /* Assets.xcassets in Resources */ = {isa = PBXBuildFile; fileRef = C071E20B2B00A35F007BE6BF /* Assets.xcassets */; };
		C071E20F2B00A35F007BE6BF /* LaunchScreen.storyboard in Resources */ = {isa = PBXBuildFile; fileRef = C071E20D2B00A35F007BE6BF /* LaunchScreen.storyboard */; };
		C071E2202B00A6BE007BE6BF /* MainPageViewController.swift in Sources */ = {isa = PBXBuildFile; fileRef = C071E21F2B00A6BE007BE6BF /* MainPageViewController.swift */; };
		C071E2222B00A781007BE6BF /* MainPageTableViewCell.swift in Sources */ = {isa = PBXBuildFile; fileRef = C071E2212B00A781007BE6BF /* MainPageTableViewCell.swift */; };
		C071E2252B00ACA1007BE6BF /* NetworkConstant.swift in Sources */ = {isa = PBXBuildFile; fileRef = C071E2242B00ACA1007BE6BF /* NetworkConstant.swift */; };
		C071E2272B00ACB6007BE6BF /* NetworkService.swift in Sources */ = {isa = PBXBuildFile; fileRef = C071E2262B00ACB6007BE6BF /* NetworkService.swift */; };
		C071E2292B00AD88007BE6BF /* CharacterModel.swift in Sources */ = {isa = PBXBuildFile; fileRef = C071E2282B00AD88007BE6BF /* CharacterModel.swift */; };
		C071E22B2B00ADA4007BE6BF /* CharacterStatus.swift in Sources */ = {isa = PBXBuildFile; fileRef = C071E22A2B00ADA4007BE6BF /* CharacterStatus.swift */; };
		C071E22D2B00ADB6007BE6BF /* CharacterGender.swift in Sources */ = {isa = PBXBuildFile; fileRef = C071E22C2B00ADB6007BE6BF /* CharacterGender.swift */; };
		C071E2332B00B46D007BE6BF /* MainRouter.swift in Sources */ = {isa = PBXBuildFile; fileRef = C071E2322B00B46D007BE6BF /* MainRouter.swift */; };
		C071E2362B00B5EB007BE6BF /* MainInteractor.swift in Sources */ = {isa = PBXBuildFile; fileRef = C071E2352B00B5EB007BE6BF /* MainInteractor.swift */; };
		C071E23A2B0250E1007BE6BF /* MainPagePresenter.swift in Sources */ = {isa = PBXBuildFile; fileRef = C071E2392B0250E1007BE6BF /* MainPagePresenter.swift */; };
/* End PBXBuildFile section */

/* Begin PBXFileReference section */
		C071E1FF2B00A35E007BE6BF /* ViperApp.app */ = {isa = PBXFileReference; explicitFileType = wrapper.application; includeInIndex = 0; path = ViperApp.app; sourceTree = BUILT_PRODUCTS_DIR; };
		C071E2022B00A35E007BE6BF /* AppDelegate.swift */ = {isa = PBXFileReference; lastKnownFileType = sourcecode.swift; path = AppDelegate.swift; sourceTree = "<group>"; };
		C071E2042B00A35E007BE6BF /* SceneDelegate.swift */ = {isa = PBXFileReference; lastKnownFileType = sourcecode.swift; path = SceneDelegate.swift; sourceTree = "<group>"; };
		C071E20B2B00A35F007BE6BF /* Assets.xcassets */ = {isa = PBXFileReference; lastKnownFileType = folder.assetcatalog; path = Assets.xcassets; sourceTree = "<group>"; };
		C071E20E2B00A35F007BE6BF /* Base */ = {isa = PBXFileReference; lastKnownFileType = file.storyboard; name = Base; path = Base.lproj/LaunchScreen.storyboard; sourceTree = "<group>"; };
		C071E2102B00A35F007BE6BF /* Info.plist */ = {isa = PBXFileReference; lastKnownFileType = text.plist.xml; path = Info.plist; sourceTree = "<group>"; };
		C071E21F2B00A6BE007BE6BF /* MainPageViewController.swift */ = {isa = PBXFileReference; lastKnownFileType = sourcecode.swift; path = MainPageViewController.swift; sourceTree = "<group>"; };
		C071E2212B00A781007BE6BF /* MainPageTableViewCell.swift */ = {isa = PBXFileReference; lastKnownFileType = sourcecode.swift; path = MainPageTableViewCell.swift; sourceTree = "<group>"; };
		C071E2242B00ACA1007BE6BF /* NetworkConstant.swift */ = {isa = PBXFileReference; lastKnownFileType = sourcecode.swift; path = NetworkConstant.swift; sourceTree = "<group>"; };
		C071E2262B00ACB6007BE6BF /* NetworkService.swift */ = {isa = PBXFileReference; lastKnownFileType = sourcecode.swift; path = NetworkService.swift; sourceTree = "<group>"; };
		C071E2282B00AD88007BE6BF /* CharacterModel.swift */ = {isa = PBXFileReference; lastKnownFileType = sourcecode.swift; path = CharacterModel.swift; sourceTree = "<group>"; };
		C071E22A2B00ADA4007BE6BF /* CharacterStatus.swift */ = {isa = PBXFileReference; lastKnownFileType = sourcecode.swift; path = CharacterStatus.swift; sourceTree = "<group>"; };
		C071E22C2B00ADB6007BE6BF /* CharacterGender.swift */ = {isa = PBXFileReference; lastKnownFileType = sourcecode.swift; path = CharacterGender.swift; sourceTree = "<group>"; };
		C071E2322B00B46D007BE6BF /* MainRouter.swift */ = {isa = PBXFileReference; lastKnownFileType = sourcecode.swift; path = MainRouter.swift; sourceTree = "<group>"; };
		C071E2352B00B5EB007BE6BF /* MainInteractor.swift */ = {isa = PBXFileReference; lastKnownFileType = sourcecode.swift; path = MainInteractor.swift; sourceTree = "<group>"; };
		C071E2392B0250E1007BE6BF /* MainPagePresenter.swift */ = {isa = PBXFileReference; lastKnownFileType = sourcecode.swift; path = MainPagePresenter.swift; sourceTree = "<group>"; };
/* End PBXFileReference section */

/* Begin PBXFrameworksBuildPhase section */
		C071E1FC2B00A35E007BE6BF /* Frameworks */ = {
			isa = PBXFrameworksBuildPhase;
			buildActionMask = 2147483647;
			files = (
			);
			runOnlyForDeploymentPostprocessing = 0;
		};
/* End PBXFrameworksBuildPhase section */

/* Begin PBXGroup section */
		C071E1F62B00A35E007BE6BF = {
			isa = PBXGroup;
			children = (
				C071E2012B00A35E007BE6BF /* ViperApp */,
				C071E2002B00A35E007BE6BF /* Products */,
			);
			sourceTree = "<group>";
		};
		C071E2002B00A35E007BE6BF /* Products */ = {
			isa = PBXGroup;
			children = (
				C071E1FF2B00A35E007BE6BF /* ViperApp.app */,
			);
			name = Products;
			sourceTree = "<group>";
		};
		C071E2012B00A35E007BE6BF /* ViperApp */ = {
			isa = PBXGroup;
			children = (
				C071E2162B00A36B007BE6BF /* App */,
				C071E2182B00A387007BE6BF /* Modules */,
				C071E2232B00AC85007BE6BF /* NetworkManager */,
				C071E2172B00A37E007BE6BF /* Resources */,
			);
			path = ViperApp;
			sourceTree = "<group>";
		};
		C071E2162B00A36B007BE6BF /* App */ = {
			isa = PBXGroup;
			children = (
				C071E2022B00A35E007BE6BF /* AppDelegate.swift */,
				C071E2042B00A35E007BE6BF /* SceneDelegate.swift */,
			);
			path = App;
			sourceTree = "<group>";
		};
		C071E2172B00A37E007BE6BF /* Resources */ = {
			isa = PBXGroup;
			children = (
				C071E2102B00A35F007BE6BF /* Info.plist */,
				C071E20D2B00A35F007BE6BF /* LaunchScreen.storyboard */,
				C071E20B2B00A35F007BE6BF /* Assets.xcassets */,
			);
			path = Resources;
			sourceTree = "<group>";
		};
		C071E2182B00A387007BE6BF /* Modules */ = {
			isa = PBXGroup;
			children = (
				C071E2192B00A397007BE6BF /* Main */,
				C071E2342B00B4BC007BE6BF /* Detail */,
			);
			path = Modules;
			sourceTree = "<group>";
		};
		C071E2192B00A397007BE6BF /* Main */ = {
			isa = PBXGroup;
			children = (
				C071E21A2B00A39E007BE6BF /* View */,
				C071E21C2B00A3AD007BE6BF /* Interactor */,
				C071E21B2B00A3A5007BE6BF /* Presenter */,
				C071E21E2B00A3B7007BE6BF /* Model */,
				C071E21D2B00A3B3007BE6BF /* Router */,
			);
			path = Main;
			sourceTree = "<group>";
		};
		C071E21A2B00A39E007BE6BF /* View */ = {
			isa = PBXGroup;
			children = (
				C071E21F2B00A6BE007BE6BF /* MainPageViewController.swift */,
				C071E2212B00A781007BE6BF /* MainPageTableViewCell.swift */,
			);
			path = View;
			sourceTree = "<group>";
		};
		C071E21B2B00A3A5007BE6BF /* Presenter */ = {
			isa = PBXGroup;
			children = (
				C071E2392B0250E1007BE6BF /* MainPagePresenter.swift */,
			);
			path = Presenter;
			sourceTree = "<group>";
		};
		C071E21C2B00A3AD007BE6BF /* Interactor */ = {
			isa = PBXGroup;
			children = (
				C071E2352B00B5EB007BE6BF /* MainInteractor.swift */,
			);
			path = Interactor;
			sourceTree = "<group>";
		};
		C071E21D2B00A3B3007BE6BF /* Router */ = {
			isa = PBXGroup;
			children = (
				C071E2322B00B46D007BE6BF /* MainRouter.swift */,
			);
			path = Router;
			sourceTree = "<group>";
		};
		C071E21E2B00A3B7007BE6BF /* Model */ = {
			isa = PBXGroup;
			children = (
				C071E2282B00AD88007BE6BF /* CharacterModel.swift */,
				C071E22A2B00ADA4007BE6BF /* CharacterStatus.swift */,
				C071E22C2B00ADB6007BE6BF /* CharacterGender.swift */,
			);
			path = Model;
			sourceTree = "<group>";
		};
		C071E2232B00AC85007BE6BF /* NetworkManager */ = {
			isa = PBXGroup;
			children = (
				C071E2242B00ACA1007BE6BF /* NetworkConstant.swift */,
				C071E2262B00ACB6007BE6BF /* NetworkService.swift */,
			);
			path = NetworkManager;
			sourceTree = "<group>";
		};
		C071E2342B00B4BC007BE6BF /* Detail */ = {
			isa = PBXGroup;
			children = (
			);
			path = Detail;
			sourceTree = "<group>";
		};
/* End PBXGroup section */

/* Begin PBXNativeTarget section */
		C071E1FE2B00A35E007BE6BF /* ViperApp */ = {
			isa = PBXNativeTarget;
			buildConfigurationList = C071E2132B00A35F007BE6BF /* Build configuration list for PBXNativeTarget "ViperApp" */;
			buildPhases = (
				C071E1FB2B00A35E007BE6BF /* Sources */,
				C071E1FC2B00A35E007BE6BF /* Frameworks */,
				C071E1FD2B00A35E007BE6BF /* Resources */,
			);
			buildRules = (
			);
			dependencies = (
			);
			name = ViperApp;
			productName = ViperApp;
			productReference = C071E1FF2B00A35E007BE6BF /* ViperApp.app */;
			productType = "com.apple.product-type.application";
		};
/* End PBXNativeTarget section */

/* Begin PBXProject section */
		C071E1F72B00A35E007BE6BF /* Project object */ = {
			isa = PBXProject;
			attributes = {
				BuildIndependentTargetsInParallel = 1;
				LastSwiftUpdateCheck = 1420;
				LastUpgradeCheck = 1420;
				TargetAttributes = {
					C071E1FE2B00A35E007BE6BF = {
						CreatedOnToolsVersion = 14.2;
					};
				};
			};
			buildConfigurationList = C071E1FA2B00A35E007BE6BF /* Build configuration list for PBXProject "ViperApp" */;
			compatibilityVersion = "Xcode 14.0";
			developmentRegion = en;
			hasScannedForEncodings = 0;
			knownRegions = (
				en,
				Base,
			);
			mainGroup = C071E1F62B00A35E007BE6BF;
			productRefGroup = C071E2002B00A35E007BE6BF /* Products */;
			projectDirPath = "";
			projectRoot = "";
			targets = (
				C071E1FE2B00A35E007BE6BF /* ViperApp */,
			);
		};
/* End PBXProject section */

/* Begin PBXResourcesBuildPhase section */
		C071E1FD2B00A35E007BE6BF /* Resources */ = {
			isa = PBXResourcesBuildPhase;
			buildActionMask = 2147483647;
			files = (
				C071E20F2B00A35F007BE6BF /* LaunchScreen.storyboard in Resources */,
				C071E20C2B00A35F007BE6BF /* Assets.xcassets in Resources */,
			);
			runOnlyForDeploymentPostprocessing = 0;
		};
/* End PBXResourcesBuildPhase section */

/* Begin PBXSourcesBuildPhase section */
		C071E1FB2B00A35E007BE6BF /* Sources */ = {
			isa = PBXSourcesBuildPhase;
			buildActionMask = 2147483647;
			files = (
				C071E23A2B0250E1007BE6BF /* MainPagePresenter.swift in Sources */,
				C071E2032B00A35E007BE6BF /* AppDelegate.swift in Sources */,
				C071E22B2B00ADA4007BE6BF /* CharacterStatus.swift in Sources */,
				C071E2052B00A35E007BE6BF /* SceneDelegate.swift in Sources */,
				C071E2222B00A781007BE6BF /* MainPageTableViewCell.swift in Sources */,
				C071E2332B00B46D007BE6BF /* MainRouter.swift in Sources */,
				C071E2252B00ACA1007BE6BF /* NetworkConstant.swift in Sources */,
				C071E2272B00ACB6007BE6BF /* NetworkService.swift in Sources */,
				C071E2292B00AD88007BE6BF /* CharacterModel.swift in Sources */,
				C071E22D2B00ADB6007BE6BF /* CharacterGender.swift in Sources */,
				C071E2202B00A6BE007BE6BF /* MainPageViewController.swift in Sources */,
				C071E2362B00B5EB007BE6BF /* MainInteractor.swift in Sources */,
			);
			runOnlyForDeploymentPostprocessing = 0;
		};
/* End PBXSourcesBuildPhase section */

/* Begin PBXVariantGroup section */
		C071E20D2B00A35F007BE6BF /* LaunchScreen.storyboard */ = {
			isa = PBXVariantGroup;
			children = (
				C071E20E2B00A35F007BE6BF /* Base */,
			);
			name = LaunchScreen.storyboard;
			sourceTree = "<group>";
		};
/* End PBXVariantGroup section */

/* Begin XCBuildConfiguration section */
		C071E2112B00A35F007BE6BF /* Debug */ = {
			isa = XCBuildConfiguration;
			buildSettings = {
				ALWAYS_SEARCH_USER_PATHS = NO;
				CLANG_ANALYZER_NONNULL = YES;
				CLANG_ANALYZER_NUMBER_OBJECT_CONVERSION = YES_AGGRESSIVE;
				CLANG_CXX_LANGUAGE_STANDARD = "gnu++20";
				CLANG_ENABLE_MODULES = YES;
				CLANG_ENABLE_OBJC_ARC = YES;
				CLANG_ENABLE_OBJC_WEAK = YES;
				CLANG_WARN_BLOCK_CAPTURE_AUTORELEASING = YES;
				CLANG_WARN_BOOL_CONVERSION = YES;
				CLANG_WARN_COMMA = YES;
				CLANG_WARN_CONSTANT_CONVERSION = YES;
				CLANG_WARN_DEPRECATED_OBJC_IMPLEMENTATIONS = YES;
				CLANG_WARN_DIRECT_OBJC_ISA_USAGE = YES_ERROR;
				CLANG_WARN_DOCUMENTATION_COMMENTS = YES;
				CLANG_WARN_EMPTY_BODY = YES;
				CLANG_WARN_ENUM_CONVERSION = YES;
				CLANG_WARN_INFINITE_RECURSION = YES;
				CLANG_WARN_INT_CONVERSION = YES;
				CLANG_WARN_NON_LITERAL_NULL_CONVERSION = YES;
				CLANG_WARN_OBJC_IMPLICIT_RETAIN_SELF = YES;
				CLANG_WARN_OBJC_LITERAL_CONVERSION = YES;
				CLANG_WARN_OBJC_ROOT_CLASS = YES_ERROR;
				CLANG_WARN_QUOTED_INCLUDE_IN_FRAMEWORK_HEADER = YES;
				CLANG_WARN_RANGE_LOOP_ANALYSIS = YES;
				CLANG_WARN_STRICT_PROTOTYPES = YES;
				CLANG_WARN_SUSPICIOUS_MOVE = YES;
				CLANG_WARN_UNGUARDED_AVAILABILITY = YES_AGGRESSIVE;
				CLANG_WARN_UNREACHABLE_CODE = YES;
				CLANG_WARN__DUPLICATE_METHOD_MATCH = YES;
				COPY_PHASE_STRIP = NO;
				DEBUG_INFORMATION_FORMAT = dwarf;
				ENABLE_STRICT_OBJC_MSGSEND = YES;
				ENABLE_TESTABILITY = YES;
				GCC_C_LANGUAGE_STANDARD = gnu11;
				GCC_DYNAMIC_NO_PIC = NO;
				GCC_NO_COMMON_BLOCKS = YES;
				GCC_OPTIMIZATION_LEVEL = 0;
				GCC_PREPROCESSOR_DEFINITIONS = (
					"DEBUG=1",
					"$(inherited)",
				);
				GCC_WARN_64_TO_32_BIT_CONVERSION = YES;
				GCC_WARN_ABOUT_RETURN_TYPE = YES_ERROR;
				GCC_WARN_UNDECLARED_SELECTOR = YES;
				GCC_WARN_UNINITIALIZED_AUTOS = YES_AGGRESSIVE;
				GCC_WARN_UNUSED_FUNCTION = YES;
				GCC_WARN_UNUSED_VARIABLE = YES;
				IPHONEOS_DEPLOYMENT_TARGET = 16.2;
				MTL_ENABLE_DEBUG_INFO = INCLUDE_SOURCE;
				MTL_FAST_MATH = YES;
				ONLY_ACTIVE_ARCH = YES;
				SDKROOT = iphoneos;
				SWIFT_ACTIVE_COMPILATION_CONDITIONS = DEBUG;
				SWIFT_OPTIMIZATION_LEVEL = "-Onone";
			};
			name = Debug;
		};
		C071E2122B00A35F007BE6BF /* Release */ = {
			isa = XCBuildConfiguration;
			buildSettings = {
				ALWAYS_SEARCH_USER_PATHS = NO;
				CLANG_ANALYZER_NONNULL = YES;
				CLANG_ANALYZER_NUMBER_OBJECT_CONVERSION = YES_AGGRESSIVE;
				CLANG_CXX_LANGUAGE_STANDARD = "gnu++20";
				CLANG_ENABLE_MODULES = YES;
				CLANG_ENABLE_OBJC_ARC = YES;
				CLANG_ENABLE_OBJC_WEAK = YES;
				CLANG_WARN_BLOCK_CAPTURE_AUTORELEASING = YES;
				CLANG_WARN_BOOL_CONVERSION = YES;
				CLANG_WARN_COMMA = YES;
				CLANG_WARN_CONSTANT_CONVERSION = YES;
				CLANG_WARN_DEPRECATED_OBJC_IMPLEMENTATIONS = YES;
				CLANG_WARN_DIRECT_OBJC_ISA_USAGE = YES_ERROR;
				CLANG_WARN_DOCUMENTATION_COMMENTS = YES;
				CLANG_WARN_EMPTY_BODY = YES;
				CLANG_WARN_ENUM_CONVERSION = YES;
				CLANG_WARN_INFINITE_RECURSION = YES;
				CLANG_WARN_INT_CONVERSION = YES;
				CLANG_WARN_NON_LITERAL_NULL_CONVERSION = YES;
				CLANG_WARN_OBJC_IMPLICIT_RETAIN_SELF = YES;
				CLANG_WARN_OBJC_LITERAL_CONVERSION = YES;
				CLANG_WARN_OBJC_ROOT_CLASS = YES_ERROR;
				CLANG_WARN_QUOTED_INCLUDE_IN_FRAMEWORK_HEADER = YES;
				CLANG_WARN_RANGE_LOOP_ANALYSIS = YES;
				CLANG_WARN_STRICT_PROTOTYPES = YES;
				CLANG_WARN_SUSPICIOUS_MOVE = YES;
				CLANG_WARN_UNGUARDED_AVAILABILITY = YES_AGGRESSIVE;
				CLANG_WARN_UNREACHABLE_CODE = YES;
				CLANG_WARN__DUPLICATE_METHOD_MATCH = YES;
				COPY_PHASE_STRIP = NO;
				DEBUG_INFORMATION_FORMAT = "dwarf-with-dsym";
				ENABLE_NS_ASSERTIONS = NO;
				ENABLE_STRICT_OBJC_MSGSEND = YES;
				GCC_C_LANGUAGE_STANDARD = gnu11;
				GCC_NO_COMMON_BLOCKS = YES;
				GCC_WARN_64_TO_32_BIT_CONVERSION = YES;
				GCC_WARN_ABOUT_RETURN_TYPE = YES_ERROR;
				GCC_WARN_UNDECLARED_SELECTOR = YES;
				GCC_WARN_UNINITIALIZED_AUTOS = YES_AGGRESSIVE;
				GCC_WARN_UNUSED_FUNCTION = YES;
				GCC_WARN_UNUSED_VARIABLE = YES;
				IPHONEOS_DEPLOYMENT_TARGET = 16.2;
				MTL_ENABLE_DEBUG_INFO = NO;
				MTL_FAST_MATH = YES;
				SDKROOT = iphoneos;
				SWIFT_COMPILATION_MODE = wholemodule;
				SWIFT_OPTIMIZATION_LEVEL = "-O";
				VALIDATE_PRODUCT = YES;
			};
			name = Release;
		};
		C071E2142B00A35F007BE6BF /* Debug */ = {
			isa = XCBuildConfiguration;
			buildSettings = {
				ASSETCATALOG_COMPILER_APPICON_NAME = AppIcon;
				ASSETCATALOG_COMPILER_GLOBAL_ACCENT_COLOR_NAME = AccentColor;
				CODE_SIGN_STYLE = Automatic;
				CURRENT_PROJECT_VERSION = 1;
				DEVELOPMENT_TEAM = C6YBX2MCPS;
				GENERATE_INFOPLIST_FILE = YES;
				INFOPLIST_FILE = ViperApp/Resources/Info.plist;
				INFOPLIST_KEY_UIApplicationSupportsIndirectInputEvents = YES;
				INFOPLIST_KEY_UILaunchStoryboardName = LaunchScreen;
				INFOPLIST_KEY_UISupportedInterfaceOrientations = UIInterfaceOrientationPortrait;
				LD_RUNPATH_SEARCH_PATHS = (
					"$(inherited)",
					"@executable_path/Frameworks",
				);
				MARKETING_VERSION = 1.0;
				PRODUCT_BUNDLE_IDENTIFIER = com.ViperApp;
				PRODUCT_NAME = "$(TARGET_NAME)";
				SWIFT_EMIT_LOC_STRINGS = YES;
				SWIFT_VERSION = 5.0;
				TARGETED_DEVICE_FAMILY = "1,2";
			};
			name = Debug;
		};
		C071E2152B00A35F007BE6BF /* Release */ = {
			isa = XCBuildConfiguration;
			buildSettings = {
				ASSETCATALOG_COMPILER_APPICON_NAME = AppIcon;
				ASSETCATALOG_COMPILER_GLOBAL_ACCENT_COLOR_NAME = AccentColor;
				CODE_SIGN_STYLE = Automatic;
				CURRENT_PROJECT_VERSION = 1;
				DEVELOPMENT_TEAM = C6YBX2MCPS;
				GENERATE_INFOPLIST_FILE = YES;
				INFOPLIST_FILE = ViperApp/Resources/Info.plist;
				INFOPLIST_KEY_UIApplicationSupportsIndirectInputEvents = YES;
				INFOPLIST_KEY_UILaunchStoryboardName = LaunchScreen;
				INFOPLIST_KEY_UISupportedInterfaceOrientations = UIInterfaceOrientationPortrait;
				LD_RUNPATH_SEARCH_PATHS = (
					"$(inherited)",
					"@executable_path/Frameworks",
				);
				MARKETING_VERSION = 1.0;
				PRODUCT_BUNDLE_IDENTIFIER = com.ViperApp;
				PRODUCT_NAME = "$(TARGET_NAME)";
				SWIFT_EMIT_LOC_STRINGS = YES;
				SWIFT_VERSION = 5.0;
				TARGETED_DEVICE_FAMILY = "1,2";
			};
			name = Release;
		};
/* End XCBuildConfiguration section */

/* Begin XCConfigurationList section */
		C071E1FA2B00A35E007BE6BF /* Build configuration list for PBXProject "ViperApp" */ = {
			isa = XCConfigurationList;
			buildConfigurations = (
				C071E2112B00A35F007BE6BF /* Debug */,
				C071E2122B00A35F007BE6BF /* Release */,
			);
			defaultConfigurationIsVisible = 0;
			defaultConfigurationName = Release;
		};
		C071E2132B00A35F007BE6BF /* Build configuration list for PBXNativeTarget "ViperApp" */ = {
			isa = XCConfigurationList;
			buildConfigurations = (
				C071E2142B00A35F007BE6BF /* Debug */,
				C071E2152B00A35F007BE6BF /* Release */,
			);
			defaultConfigurationIsVisible = 0;
			defaultConfigurationName = Release;
		};
/* End XCConfigurationList section */
	};
	rootObject = C071E1F72B00A35E007BE6BF /* Project object */;
}
